
Microsoft Visual Studio Solution File, Format Version 12.00
# Visual Studio Version 17
VisualStudioVersion = 17.0.31903.59
MinimumVisualStudioVersion = 10.0.40219.1
Project("{2150E333-8FDC-42A3-9474-1A3956D46DE8}") = "src", "src", "{827E0CD3-B72D-47B6-A68D-7590B98EB39B}"
EndProject
Project("{FAE04EC0-301F-11D3-BF4B-00C04F79EFBC}") = "BankSimulation.Domain", "src\BankSimulation.Domain\BankSimulation.Domain.csproj", "{44294EB6-B241-4CD8-8E1B-0977F1AB8F97}"
EndProject
Project("{FAE04EC0-301F-11D3-BF4B-00C04F79EFBC}") = "BankSimulation.Infrastructure", "src\BankSimulation.Infrastructure\BankSimulation.Infrastructure.csproj", "{A52A091C-C8D5-4DDE-B4B6-8C252F0FFB0D}"
EndProject
Project("{FAE04EC0-301F-11D3-BF4B-00C04F79EFBC}") = "BankSimulation.API", "src\BankSimulation.API\BankSimulation.API.csproj", "{845998F7-2CDD-4ED8-B788-02BE7C229A32}"
EndProject
Global
	GlobalSection(SolutionConfigurationPlatforms) = preSolution
		Debug|Any CPU = Debug|Any CPU
		Debug|x64 = Debug|x64
		Debug|x86 = Debug|x86
		Release|Any CPU = Release|Any CPU
		Release|x64 = Release|x64
		Release|x86 = Release|x86
	EndGlobalSection
	GlobalSection(ProjectConfigurationPlatforms) = postSolution
		{44294EB6-B241-4CD8-8E1B-0977F1AB8F97}.Debug|Any CPU.ActiveCfg = Debug|Any CPU
		{44294EB6-B241-4CD8-8E1B-0977F1AB8F97}.Debug|Any CPU.Build.0 = Debug|Any CPU
		{44294EB6-B241-4CD8-8E1B-0977F1AB8F97}.Debug|x64.ActiveCfg = Debug|Any CPU
		{44294EB6-B241-4CD8-8E1B-0977F1AB8F97}.Debug|x64.Build.0 = Debug|Any CPU
		{44294EB6-B241-4CD8-8E1B-0977F1AB8F97}.Debug|x86.ActiveCfg = Debug|Any CPU
		{44294EB6-B241-4CD8-8E1B-0977F1AB8F97}.Debug|x86.Build.0 = Debug|Any CPU
		{44294EB6-B241-4CD8-8E1B-0977F1AB8F97}.Release|Any CPU.ActiveCfg = Release|Any CPU
		{44294EB6-B241-4CD8-8E1B-0977F1AB8F97}.Release|Any CPU.Build.0 = Release|Any CPU
		{44294EB6-B241-4CD8-8E1B-0977F1AB8F97}.Release|x64.ActiveCfg = Release|Any CPU
		{44294EB6-B241-4CD8-8E1B-0977F1AB8F97}.Release|x64.Build.0 = Release|Any CPU
		{44294EB6-B241-4CD8-8E1B-0977F1AB8F97}.Release|x86.ActiveCfg = Release|Any CPU
		{44294EB6-B241-4CD8-8E1B-0977F1AB8F97}.Release|x86.Build.0 = Release|Any CPU
		{A52A091C-C8D5-4DDE-B4B6-8C252F0FFB0D}.Debug|Any CPU.ActiveCfg = Debug|Any CPU
		{A52A091C-C8D5-4DDE-B4B6-8C252F0FFB0D}.Debug|Any CPU.Build.0 = Debug|Any CPU
		{A52A091C-C8D5-4DDE-B4B6-8C252F0FFB0D}.Debug|x64.ActiveCfg = Debug|Any CPU
		{A52A091C-C8D5-4DDE-B4B6-8C252F0FFB0D}.Debug|x64.Build.0 = Debug|Any CPU
		{A52A091C-C8D5-4DDE-B4B6-8C252F0FFB0D}.Debug|x86.ActiveCfg = Debug|Any CPU
		{A52A091C-C8D5-4DDE-B4B6-8C252F0FFB0D}.Debug|x86.Build.0 = Debug|Any CPU
		{A52A091C-C8D5-4DDE-B4B6-8C252F0FFB0D}.Release|Any CPU.ActiveCfg = Release|Any CPU
		{A52A091C-C8D5-4DDE-B4B6-8C252F0FFB0D}.Release|Any CPU.Build.0 = Release|Any CPU
		{A52A091C-C8D5-4DDE-B4B6-8C252F0FFB0D}.Release|x64.ActiveCfg = Release|Any CPU
		{A52A091C-C8D5-4DDE-B4B6-8C252F0FFB0D}.Release|x64.Build.0 = Release|Any CPU
		{A52A091C-C8D5-4DDE-B4B6-8C252F0FFB0D}.Release|x86.ActiveCfg = Release|Any CPU
		{A52A091C-C8D5-4DDE-B4B6-8C252F0FFB0D}.Release|x86.Build.0 = Release|Any CPU
		{845998F7-2CDD-4ED8-B788-02BE7C229A32}.Debug|Any CPU.ActiveCfg = Debug|Any CPU
		{845998F7-2CDD-4ED8-B788-02BE7C229A32}.Debug|Any CPU.Build.0 = Debug|Any CPU
		{845998F7-2CDD-4ED8-B788-02BE7C229A32}.Debug|x64.ActiveCfg = Debug|Any CPU
		{845998F7-2CDD-4ED8-B788-02BE7C229A32}.Debug|x64.Build.0 = Debug|Any CPU
		{845998F7-2CDD-4ED8-B788-02BE7C229A32}.Debug|x86.ActiveCfg = Debug|Any CPU
		{845998F7-2CDD-4ED8-B788-02BE7C229A32}.Debug|x86.Build.0 = Debug|Any CPU
		{845998F7-2CDD-4ED8-B788-02BE7C229A32}.Release|Any CPU.ActiveCfg = Release|Any CPU
		{845998F7-2CDD-4ED8-B788-02BE7C229A32}.Release|Any CPU.Build.0 = Release|Any CPU
		{845998F7-2CDD-4ED8-B788-02BE7C229A32}.Release|x64.ActiveCfg = Release|Any CPU
		{845998F7-2CDD-4ED8-B788-02BE7C229A32}.Release|x64.Build.0 = Release|Any CPU
		{845998F7-2CDD-4ED8-B788-02BE7C229A32}.Release|x86.ActiveCfg = Release|Any CPU
		{845998F7-2CDD-4ED8-B788-02BE7C229A32}.Release|x86.Build.0 = Release|Any CPU
	EndGlobalSection
	GlobalSection(SolutionProperties) = preSolution
		HideSolutionNode = FALSE
	EndGlobalSection
	GlobalSection(NestedProjects) = preSolution
		{44294EB6-B241-4CD8-8E1B-0977F1AB8F97} = {827E0CD3-B72D-47B6-A68D-7590B98EB39B}
		{A52A091C-C8D5-4DDE-B4B6-8C252F0FFB0D} = {827E0CD3-B72D-47B6-A68D-7590B98EB39B}
		{845998F7-2CDD-4ED8-B788-02BE7C229A32} = {827E0CD3-B72D-47B6-A68D-7590B98EB39B}
	EndGlobalSection
EndGlobal
